# THIS IS AN AUTOGENERATED FILE. DO NOT EDIT THIS FILE DIRECTLY.
# yarn lockfile v1


react-hook-form@^6.8.0:
  version "6.8.0"
  resolved "https://registry.yarnpkg.com/react-hook-form/-/react-hook-form-6.8.0.tgz#c76e4374ca53ed6d1770643732a03190e1c0d040"
  integrity sha512-9p3eTkcOKuCmXMIbmPecS4yfoJYj07DqxKUDzVFyyu3eWALROe5vKwZ/8QsXyghWttBZM80bFwMGrkV+ByJfCQ==
